{
  "requires": true,
  "lockfileVersion": 1,
  "dependencies": {
    "bootstrap": {
      "version": "4.0.0-beta",
      "resolved": "https://registry.npmjs.org/bootstrap/-/bootstrap-4.0.0-beta.tgz",
      "integrity": "sha512-I/r3fYtUZr+rUNkh8HI+twxZ56p6ehNn27eA1XSebLVQKAJ2xZHnEvZrSR+UR2A/bONcd9gHC3xatVhQlH6R6w=="
    },
    "jquery": {
      "version": "3.2.1",
      "resolved": "https://registry.npmjs.org/jquery/-/jquery-3.2.1.tgz",
      "integrity": "sha1-XE2d5lKvbNCncBVKYxu6ErAVx4c="
    },
    "parsleyjs": {
      "version": "2.8.0",
      "resolved": "https://registry.npmjs.org/parsleyjs/-/parsleyjs-2.8.0.tgz",
      "integrity": "sha1-pVEfw0Z9IrwYolpuLXMESS3WW/0=",
      "requires": {
        "jquery": "3.2.1"
      }
    },
    "popper.js": {
      "version": "1.11.0",
      "resolved": "https://registry.npmjs.org/popper.js/-/popper.js-1.11.0.tgz",
      "integrity": "sha512-mPwHWRijjT5hcI5pJCM8W4dv6y48v94ANpP5mVX9ZRZPuxWveGmm/VpE/1t5NB7wBA7CtSVsWHlbW1VucbILyQ=="
    },
    "vue": {
      "version": "2.4.2",
      "resolved": "https://registry.npmjs.org/vue/-/vue-2.4.2.tgz",
      "integrity": "sha512-GB5r+CsrCHIB1PoXt4wgBienjF3WGYOIaTK27tDk96sZxpL5RwRrsi9I3ECwFt8x8qAmxT2xk1vsY2Vpcn9nIw==",
      "dev": true
    }
  }
}
